// !$*UTF8*$!
{
	archiveVersion = 1;
	classes = {
	};
	objectVersion = 46;
	objects = {

/* Begin PBXBuildFile section */
		2F3583CA75F188A52C501098 /* Pods_PregmoUITests.framework in Frameworks */ = {isa = PBXBuildFile; fileRef = DD1E4F0B74474485616212E2 /* Pods_PregmoUITests.framework */; };
		7A4D7E831E7E7D0C00B07E28 /* HearBeatViewController.swift in Sources */ = {isa = PBXBuildFile; fileRef = 7A4D7E821E7E7D0C00B07E28 /* HearBeatViewController.swift */; };
		7A4D7E851E7E7E6100B07E28 /* EcographyViewController.swift in Sources */ = {isa = PBXBuildFile; fileRef = 7A4D7E841E7E7E6100B07E28 /* EcographyViewController.swift */; };
		7A6868B51E7E15750088423C /* AppDelegate.swift in Sources */ = {isa = PBXBuildFile; fileRef = 7A6868B41E7E15750088423C /* AppDelegate.swift */; };
		7A6868BC1E7E15750088423C /* Main.storyboard in Resources */ = {isa = PBXBuildFile; fileRef = 7A6868BA1E7E15750088423C /* Main.storyboard */; };
		7A6868BE1E7E15750088423C /* Assets.xcassets in Resources */ = {isa = PBXBuildFile; fileRef = 7A6868BD1E7E15750088423C /* Assets.xcassets */; };
		7A6868C11E7E15750088423C /* LaunchScreen.storyboard in Resources */ = {isa = PBXBuildFile; fileRef = 7A6868BF1E7E15750088423C /* LaunchScreen.storyboard */; };
		7A6868CC1E7E15750088423C /* PregmoTests.swift in Sources */ = {isa = PBXBuildFile; fileRef = 7A6868CB1E7E15750088423C /* PregmoTests.swift */; };
		7A6868D71E7E15750088423C /* PregmoUITests.swift in Sources */ = {isa = PBXBuildFile; fileRef = 7A6868D61E7E15750088423C /* PregmoUITests.swift */; };
		BC812958CD7EFFA47DC585F5 /* Pods_Pregmo.framework in Frameworks */ = {isa = PBXBuildFile; fileRef = 340A4F385867AA17CAC6E2C5 /* Pods_Pregmo.framework */; };
		F8A3B20D9EF7FDE8B1822352 /* Pods_PregmoTests.framework in Frameworks */ = {isa = PBXBuildFile; fileRef = E1BF0E31434C4A7B7E09E3E1 /* Pods_PregmoTests.framework */; };
/* End PBXBuildFile section */

/* Begin PBXContainerItemProxy section */
		7A6868C81E7E15750088423C /* PBXContainerItemProxy */ = {
			isa = PBXContainerItemProxy;
			containerPortal = 7A6868A91E7E15750088423C /* Project object */;
			proxyType = 1;
			remoteGlobalIDString = 7A6868B01E7E15750088423C;
			remoteInfo = Pregmo;
		};
		7A6868D31E7E15750088423C /* PBXContainerItemProxy */ = {
			isa = PBXContainerItemProxy;
			containerPortal = 7A6868A91E7E15750088423C /* Project object */;
			proxyType = 1;
			remoteGlobalIDString = 7A6868B01E7E15750088423C;
			remoteInfo = Pregmo;
		};
/* End PBXContainerItemProxy section */

/* Begin PBXFileReference section */
		340A4F385867AA17CAC6E2C5 /* Pods_Pregmo.framework */ = {isa = PBXFileReference; explicitFileType = wrapper.framework; includeInIndex = 0; path = Pods_Pregmo.framework; sourceTree = BUILT_PRODUCTS_DIR; };
		40066D76B4E407AD4EDFB247 /* Pods-PregmoUITests.debug.xcconfig */ = {isa = PBXFileReference; includeInIndex = 1; lastKnownFileType = text.xcconfig; name = "Pods-PregmoUITests.debug.xcconfig"; path = "Pods/Target Support Files/Pods-PregmoUITests/Pods-PregmoUITests.debug.xcconfig"; sourceTree = "<group>"; };
		4C16E7EEB58ED3826F446411 /* Pods-PregmoTests.release.xcconfig */ = {isa = PBXFileReference; includeInIndex = 1; lastKnownFileType = text.xcconfig; name = "Pods-PregmoTests.release.xcconfig"; path = "Pods/Target Support Files/Pods-PregmoTests/Pods-PregmoTests.release.xcconfig"; sourceTree = "<group>"; };
		60977306DA686E82B6A2C8A3 /* Pods-Pregmo.debug.xcconfig */ = {isa = PBXFileReference; includeInIndex = 1; lastKnownFileType = text.xcconfig; name = "Pods-Pregmo.debug.xcconfig"; path = "Pods/Target Support Files/Pods-Pregmo/Pods-Pregmo.debug.xcconfig"; sourceTree = "<group>"; };
		7A4D7E821E7E7D0C00B07E28 /* HearBeatViewController.swift */ = {isa = PBXFileReference; fileEncoding = 4; lastKnownFileType = sourcecode.swift; path = HearBeatViewController.swift; sourceTree = "<group>"; };
		7A4D7E841E7E7E6100B07E28 /* EcographyViewController.swift */ = {isa = PBXFileReference; fileEncoding = 4; lastKnownFileType = sourcecode.swift; path = EcographyViewController.swift; sourceTree = "<group>"; };
		7A6868B11E7E15750088423C /* Pregmo.app */ = {isa = PBXFileReference; explicitFileType = wrapper.application; includeInIndex = 0; path = Pregmo.app; sourceTree = BUILT_PRODUCTS_DIR; };
		7A6868B41E7E15750088423C /* AppDelegate.swift */ = {isa = PBXFileReference; lastKnownFileType = sourcecode.swift; path = AppDelegate.swift; sourceTree = "<group>"; };
		7A6868BB1E7E15750088423C /* Base */ = {isa = PBXFileReference; lastKnownFileType = file.storyboard; name = Base; path = Base.lproj/Main.storyboard; sourceTree = "<group>"; };
		7A6868BD1E7E15750088423C /* Assets.xcassets */ = {isa = PBXFileReference; lastKnownFileType = folder.assetcatalog; path = Assets.xcassets; sourceTree = "<group>"; };
		7A6868C01E7E15750088423C /* Base */ = {isa = PBXFileReference; lastKnownFileType = file.storyboard; name = Base; path = Base.lproj/LaunchScreen.storyboard; sourceTree = "<group>"; };
		7A6868C21E7E15750088423C /* Info.plist */ = {isa = PBXFileReference; lastKnownFileType = text.plist.xml; path = Info.plist; sourceTree = "<group>"; };
		7A6868C71E7E15750088423C /* PregmoTests.xctest */ = {isa = PBXFileReference; explicitFileType = wrapper.cfbundle; includeInIndex = 0; path = PregmoTests.xctest; sourceTree = BUILT_PRODUCTS_DIR; };
		7A6868CB1E7E15750088423C /* PregmoTests.swift */ = {isa = PBXFileReference; lastKnownFileType = sourcecode.swift; path = PregmoTests.swift; sourceTree = "<group>"; };
		7A6868CD1E7E15750088423C /* Info.plist */ = {isa = PBXFileReference; lastKnownFileType = text.plist.xml; path = Info.plist; sourceTree = "<group>"; };
		7A6868D21E7E15750088423C /* PregmoUITests.xctest */ = {isa = PBXFileReference; explicitFileType = wrapper.cfbundle; includeInIndex = 0; path = PregmoUITests.xctest; sourceTree = BUILT_PRODUCTS_DIR; };
		7A6868D61E7E15750088423C /* PregmoUITests.swift */ = {isa = PBXFileReference; lastKnownFileType = sourcecode.swift; path = PregmoUITests.swift; sourceTree = "<group>"; };
		7A6868D81E7E15750088423C /* Info.plist */ = {isa = PBXFileReference; lastKnownFileType = text.plist.xml; path = Info.plist; sourceTree = "<group>"; };
		9C1DBE9FC8B3CF56EDA899FA /* Pods-PregmoUITests.release.xcconfig */ = {isa = PBXFileReference; includeInIndex = 1; lastKnownFileType = text.xcconfig; name = "Pods-PregmoUITests.release.xcconfig"; path = "Pods/Target Support Files/Pods-PregmoUITests/Pods-PregmoUITests.release.xcconfig"; sourceTree = "<group>"; };
		D630221D88E593A01C147531 /* Pods-PregmoTests.debug.xcconfig */ = {isa = PBXFileReference; includeInIndex = 1; lastKnownFileType = text.xcconfig; name = "Pods-PregmoTests.debug.xcconfig"; path = "Pods/Target Support Files/Pods-PregmoTests/Pods-PregmoTests.debug.xcconfig"; sourceTree = "<group>"; };
		DA5F913DFAC3186EFA20F396 /* Pods-Pregmo.release.xcconfig */ = {isa = PBXFileReference; includeInIndex = 1; lastKnownFileType = text.xcconfig; name = "Pods-Pregmo.release.xcconfig"; path = "Pods/Target Support Files/Pods-Pregmo/Pods-Pregmo.release.xcconfig"; sourceTree = "<group>"; };
		DD1E4F0B74474485616212E2 /* Pods_PregmoUITests.framework */ = {isa = PBXFileReference; explicitFileType = wrapper.framework; includeInIndex = 0; path = Pods_PregmoUITests.framework; sourceTree = BUILT_PRODUCTS_DIR; };
		E1BF0E31434C4A7B7E09E3E1 /* Pods_PregmoTests.framework */ = {isa = PBXFileReference; explicitFileType = wrapper.framework; includeInIndex = 0; path = Pods_PregmoTests.framework; sourceTree = BUILT_PRODUCTS_DIR; };
/* End PBXFileReference section */

/* Begin PBXFrameworksBuildPhase section */
		7A6868AE1E7E15750088423C /* Frameworks */ = {
			isa = PBXFrameworksBuildPhase;
			buildActionMask = 2147483647;
			files = (
				BC812958CD7EFFA47DC585F5 /* Pods_Pregmo.framework in Frameworks */,
			);
			runOnlyForDeploymentPostprocessing = 0;
		};
		7A6868C41E7E15750088423C /* Frameworks */ = {
			isa = PBXFrameworksBuildPhase;
			buildActionMask = 2147483647;
			files = (
				F8A3B20D9EF7FDE8B1822352 /* Pods_PregmoTests.framework in Frameworks */,
			);
			runOnlyForDeploymentPostprocessing = 0;
		};
		7A6868CF1E7E15750088423C /* Frameworks */ = {
			isa = PBXFrameworksBuildPhase;
			buildActionMask = 2147483647;
			files = (
				2F3583CA75F188A52C501098 /* Pods_PregmoUITests.framework in Frameworks */,
			);
			runOnlyForDeploymentPostprocessing = 0;
		};
/* End PBXFrameworksBuildPhase section */

/* Begin PBXGroup section */
		2242F239E3E266FBDACE0B4E /* Pods */ = {
			isa = PBXGroup;
			children = (
				60977306DA686E82B6A2C8A3 /* Pods-Pregmo.debug.xcconfig */,
				DA5F913DFAC3186EFA20F396 /* Pods-Pregmo.release.xcconfig */,
				D630221D88E593A01C147531 /* Pods-PregmoTests.debug.xcconfig */,
				4C16E7EEB58ED3826F446411 /* Pods-PregmoTests.release.xcconfig */,
				40066D76B4E407AD4EDFB247 /* Pods-PregmoUITests.debug.xcconfig */,
				9C1DBE9FC8B3CF56EDA899FA /* Pods-PregmoUITests.release.xcconfig */,
			);
			name = Pods;
			sourceTree = "<group>";
		};
		64B4EE530288233906587D68 /* Frameworks */ = {
			isa = PBXGroup;
			children = (
				340A4F385867AA17CAC6E2C5 /* Pods_Pregmo.framework */,
				E1BF0E31434C4A7B7E09E3E1 /* Pods_PregmoTests.framework */,
				DD1E4F0B74474485616212E2 /* Pods_PregmoUITests.framework */,
			);
			name = Frameworks;
			sourceTree = "<group>";
		};
		7A6868A81E7E15750088423C = {
			isa = PBXGroup;
			children = (
				7A6868B31E7E15750088423C /* Pregmo */,
				7A6868CA1E7E15750088423C /* PregmoTests */,
				7A6868D51E7E15750088423C /* PregmoUITests */,
				7A6868B21E7E15750088423C /* Products */,
				2242F239E3E266FBDACE0B4E /* Pods */,
				64B4EE530288233906587D68 /* Frameworks */,
			);
			sourceTree = "<group>";
		};
		7A6868B21E7E15750088423C /* Products */ = {
			isa = PBXGroup;
			children = (
				7A6868B11E7E15750088423C /* Pregmo.app */,
				7A6868C71E7E15750088423C /* PregmoTests.xctest */,
				7A6868D21E7E15750088423C /* PregmoUITests.xctest */,
			);
			name = Products;
			sourceTree = "<group>";
		};
		7A6868B31E7E15750088423C /* Pregmo */ = {
			isa = PBXGroup;
			children = (
				7A6868B41E7E15750088423C /* AppDelegate.swift */,
				7A4D7E821E7E7D0C00B07E28 /* HearBeatViewController.swift */,
				7A4D7E841E7E7E6100B07E28 /* EcographyViewController.swift */,
				7A6868BA1E7E15750088423C /* Main.storyboard */,
				7A6868BD1E7E15750088423C /* Assets.xcassets */,
				7A6868BF1E7E15750088423C /* LaunchScreen.storyboard */,
				7A6868C21E7E15750088423C /* Info.plist */,
			);
			path = Pregmo;
			sourceTree = "<group>";
		};
		7A6868CA1E7E15750088423C /* PregmoTests */ = {
			isa = PBXGroup;
			children = (
				7A6868CB1E7E15750088423C /* PregmoTests.swift */,
				7A6868CD1E7E15750088423C /* Info.plist */,
			);
			path = PregmoTests;
			sourceTree = "<group>";
		};
		7A6868D51E7E15750088423C /* PregmoUITests */ = {
			isa = PBXGroup;
			children = (
				7A6868D61E7E15750088423C /* PregmoUITests.swift */,
				7A6868D81E7E15750088423C /* Info.plist */,
			);
			path = PregmoUITests;
			sourceTree = "<group>";
		};
/* End PBXGroup section */

/* Begin PBXNativeTarget section */
		7A6868B01E7E15750088423C /* Pregmo */ = {
			isa = PBXNativeTarget;
			buildConfigurationList = 7A6868DB1E7E15750088423C /* Build configuration list for PBXNativeTarget "Pregmo" */;
			buildPhases = (
				A490DE1E2E5ED930B8DD147E /* [CP] Check Pods Manifest.lock */,
				7A6868AD1E7E15750088423C /* Sources */,
				7A6868AE1E7E15750088423C /* Frameworks */,
				7A6868AF1E7E15750088423C /* Resources */,
				6D28327F8A17F6FFBBC300CF /* [CP] Embed Pods Frameworks */,
				E34EC4BD999EA4C034E3DA70 /* [CP] Copy Pods Resources */,
			);
			buildRules = (
			);
			dependencies = (
			);
			name = Pregmo;
			productName = Pregmo;
			productReference = 7A6868B11E7E15750088423C /* Pregmo.app */;
			productType = "com.apple.product-type.application";
		};
		7A6868C61E7E15750088423C /* PregmoTests */ = {
			isa = PBXNativeTarget;
			buildConfigurationList = 7A6868DE1E7E15750088423C /* Build configuration list for PBXNativeTarget "PregmoTests" */;
			buildPhases = (
				C74B6FEEE9757A20822C6ECD /* [CP] Check Pods Manifest.lock */,
				7A6868C31E7E15750088423C /* Sources */,
				7A6868C41E7E15750088423C /* Frameworks */,
				7A6868C51E7E15750088423C /* Resources */,
				9E30F2E9F925A10B32416926 /* [CP] Embed Pods Frameworks */,
				302A5220D46E2099BB03A54E /* [CP] Copy Pods Resources */,
			);
			buildRules = (
			);
			dependencies = (
				7A6868C91E7E15750088423C /* PBXTargetDependency */,
			);
			name = PregmoTests;
			productName = PregmoTests;
			productReference = 7A6868C71E7E15750088423C /* PregmoTests.xctest */;
			productType = "com.apple.product-type.bundle.unit-test";
		};
		7A6868D11E7E15750088423C /* PregmoUITests */ = {
			isa = PBXNativeTarget;
			buildConfigurationList = 7A6868E11E7E15750088423C /* Build configuration list for PBXNativeTarget "PregmoUITests" */;
			buildPhases = (
				C2B7BE730CF370FDA8303E89 /* [CP] Check Pods Manifest.lock */,
				7A6868CE1E7E15750088423C /* Sources */,
				7A6868CF1E7E15750088423C /* Frameworks */,
				7A6868D01E7E15750088423C /* Resources */,
				7107D038156514154390D3C9 /* [CP] Embed Pods Frameworks */,
				22EE9972AB9CDE6DE22470AA /* [CP] Copy Pods Resources */,
			);
			buildRules = (
			);
			dependencies = (
				7A6868D41E7E15750088423C /* PBXTargetDependency */,
			);
			name = PregmoUITests;
			productName = PregmoUITests;
			productReference = 7A6868D21E7E15750088423C /* PregmoUITests.xctest */;
			productType = "com.apple.product-type.bundle.ui-testing";
		};
/* End PBXNativeTarget section */

/* Begin PBXProject section */
		7A6868A91E7E15750088423C /* Project object */ = {
			isa = PBXProject;
			attributes = {
				LastSwiftUpdateCheck = 0820;
				LastUpgradeCheck = 0820;
				ORGANIZATIONNAME = "Deyan Zhekov";
				TargetAttributes = {
					7A6868B01E7E15750088423C = {
						CreatedOnToolsVersion = 8.2.1;
						DevelopmentTeam = 25H44B9439;
						ProvisioningStyle = Automatic;
					};
					7A6868C61E7E15750088423C = {
						CreatedOnToolsVersion = 8.2.1;
						DevelopmentTeam = 25H44B9439;
						ProvisioningStyle = Automatic;
						TestTargetID = 7A6868B01E7E15750088423C;
					};
					7A6868D11E7E15750088423C = {
						CreatedOnToolsVersion = 8.2.1;
						DevelopmentTeam = 25H44B9439;
						ProvisioningStyle = Automatic;
						TestTargetID = 7A6868B01E7E15750088423C;
					};
				};
			};
			buildConfigurationList = 7A6868AC1E7E15750088423C /* Build configuration list for PBXProject "Pregmo" */;
			compatibilityVersion = "Xcode 3.2";
			developmentRegion = English;
			hasScannedForEncodings = 0;
			knownRegions = (
				en,
				Base,
			);
			mainGroup = 7A6868A81E7E15750088423C;
			productRefGroup = 7A6868B21E7E15750088423C /* Products */;
			projectDirPath = "";
			projectRoot = "";
			targets = (
				7A6868B01E7E15750088423C /* Pregmo */,
				7A6868C61E7E15750088423C /* PregmoTests */,
				7A6868D11E7E15750088423C /* PregmoUITests */,
			);
		};
/* End PBXProject section */

/* Begin PBXResourcesBuildPhase section */
		7A6868AF1E7E15750088423C /* Resources */ = {
			isa = PBXResourcesBuildPhase;
			buildActionMask = 2147483647;
			files = (
				7A6868C11E7E15750088423C /* LaunchScreen.storyboard in Resources */,
				7A6868BE1E7E15750088423C /* Assets.xcassets in Resources */,
				7A6868BC1E7E15750088423C /* Main.storyboard in Resources */,
			);
			runOnlyForDeploymentPostprocessing = 0;
		};
		7A6868C51E7E15750088423C /* Resources */ = {
			isa = PBXResourcesBuildPhase;
			buildActionMask = 2147483647;
			files = (
			);
			runOnlyForDeploymentPostprocessing = 0;
		};
		7A6868D01E7E15750088423C /* Resources */ = {
			isa = PBXResourcesBuildPhase;
			buildActionMask = 2147483647;
			files = (
			);
			runOnlyForDeploymentPostprocessing = 0;
		};
/* End PBXResourcesBuildPhase section */

/* Begin PBXShellScriptBuildPhase section */
		22EE9972AB9CDE6DE22470AA /* [CP] Copy Pods Resources */ = {
			isa = PBXShellScriptBuildPhase;
			buildActionMask = 2147483647;
			files = (
			);
			inputPaths = (
			);
			name = "[CP] Copy Pods Resources";
			outputPaths = (
			);
			runOnlyForDeploymentPostprocessing = 0;
			shellPath = /bin/sh;
			shellScript = "\"${SRCROOT}/Pods/Target Support Files/Pods-PregmoUITests/Pods-PregmoUITests-resources.sh\"\n";
			showEnvVarsInLog = 0;
		};
		302A5220D46E2099BB03A54E /* [CP] Copy Pods Resources */ = {
			isa = PBXShellScriptBuildPhase;
			buildActionMask = 2147483647;
			files = (
			);
			inputPaths = (
			);
			name = "[CP] Copy Pods Resources";
			outputPaths = (
			);
			runOnlyForDeploymentPostprocessing = 0;
			shellPath = /bin/sh;
			shellScript = "\"${SRCROOT}/Pods/Target Support Files/Pods-PregmoTests/Pods-PregmoTests-resources.sh\"\n";
			showEnvVarsInLog = 0;
		};
		6D28327F8A17F6FFBBC300CF /* [CP] Embed Pods Frameworks */ = {
			isa = PBXShellScriptBuildPhase;
			buildActionMask = 2147483647;
			files = (
			);
			inputPaths = (
			);
			name = "[CP] Embed Pods Frameworks";
			outputPaths = (
			);
			runOnlyForDeploymentPostprocessing = 0;
			shellPath = /bin/sh;
			shellScript = "\"${SRCROOT}/Pods/Target Support Files/Pods-Pregmo/Pods-Pregmo-frameworks.sh\"\n";
			showEnvVarsInLog = 0;
		};
		7107D038156514154390D3C9 /* [CP] Embed Pods Frameworks */ = {
			isa = PBXShellScriptBuildPhase;
			buildActionMask = 2147483647;
			files = (
			);
			inputPaths = (
			);
			name = "[CP] Embed Pods Frameworks";
			outputPaths = (
			);
			runOnlyForDeploymentPostprocessing = 0;
			shellPath = /bin/sh;
			shellScript = "\"${SRCROOT}/Pods/Target Support Files/Pods-PregmoUITests/Pods-PregmoUITests-frameworks.sh\"\n";
			showEnvVarsInLog = 0;
		};
		9E30F2E9F925A10B32416926 /* [CP] Embed Pods Frameworks */ = {
			isa = PBXShellScriptBuildPhase;
			buildActionMask = 2147483647;
			files = (
			);
			inputPaths = (
			);
			name = "[CP] Embed Pods Frameworks";
			outputPaths = (
			);
			runOnlyForDeploymentPostprocessing = 0;
			shellPath = /bin/sh;
			shellScript = "\"${SRCROOT}/Pods/Target Support Files/Pods-PregmoTests/Pods-PregmoTests-frameworks.sh\"\n";
			showEnvVarsInLog = 0;
		};
		A490DE1E2E5ED930B8DD147E /* [CP] Check Pods Manifest.lock */ = {
			isa = PBXShellScriptBuildPhase;
			buildActionMask = 2147483647;
			files = (
			);
			inputPaths = (
			);
			name = "[CP] Check Pods Manifest.lock";
			outputPaths = (
			);
			runOnlyForDeploymentPostprocessing = 0;
			shellPath = /bin/sh;
			shellScript = "diff \"${PODS_ROOT}/../Podfile.lock\" \"${PODS_ROOT}/Manifest.lock\" > /dev/null\nif [ $? != 0 ] ; then\n    # print error to STDERR\n    echo \"error: The sandbox is not in sync with the Podfile.lock. Run 'pod install' or update your CocoaPods installation.\" >&2\n    exit 1\nfi\n";
			showEnvVarsInLog = 0;
		};
		C2B7BE730CF370FDA8303E89 /* [CP] Check Pods Manifest.lock */ = {
			isa = PBXShellScriptBuildPhase;
			buildActionMask = 2147483647;
			files = (
			);
			inputPaths = (
			);
			name = "[CP] Check Pods Manifest.lock";
			outputPaths = (
			);
			runOnlyForDeploymentPostprocessing = 0;
			shellPath = /bin/sh;
			shellScript = "diff \"${PODS_ROOT}/../Podfile.lock\" \"${PODS_ROOT}/Manifest.lock\" > /dev/null\nif [ $? != 0 ] ; then\n    # print error to STDERR\n    echo \"error: The sandbox is not in sync with the Podfile.lock. Run 'pod install' or update your CocoaPods installation.\" >&2\n    exit 1\nfi\n";
			showEnvVarsInLog = 0;
		};
		C74B6FEEE9757A20822C6ECD /* [CP] Check Pods Manifest.lock */ = {
			isa = PBXShellScriptBuildPhase;
			buildActionMask = 2147483647;
			files = (
			);
			inputPaths = (
			);
			name = "[CP] Check Pods Manifest.lock";
			outputPaths = (
			);
			runOnlyForDeploymentPostprocessing = 0;
			shellPath = /bin/sh;
			shellScript = "diff \"${PODS_ROOT}/../Podfile.lock\" \"${PODS_ROOT}/Manifest.lock\" > /dev/null\nif [ $? != 0 ] ; then\n    # print error to STDERR\n    echo \"error: The sandbox is not in sync with the Podfile.lock. Run 'pod install' or update your CocoaPods installation.\" >&2\n    exit 1\nfi\n";
			showEnvVarsInLog = 0;
		};
		E34EC4BD999EA4C034E3DA70 /* [CP] Copy Pods Resources */ = {
			isa = PBXShellScriptBuildPhase;
			buildActionMask = 2147483647;
			files = (
			);
			inputPaths = (
			);
			name = "[CP] Copy Pods Resources";
			outputPaths = (
			);
			runOnlyForDeploymentPostprocessing = 0;
			shellPath = /bin/sh;
			shellScript = "\"${SRCROOT}/Pods/Target Support Files/Pods-Pregmo/Pods-Pregmo-resources.sh\"\n";
			showEnvVarsInLog = 0;
		};
/* End PBXShellScriptBuildPhase section */

/* Begin PBXSourcesBuildPhase section */
		7A6868AD1E7E15750088423C /* Sources */ = {
			isa = PBXSourcesBuildPhase;
			buildActionMask = 2147483647;
			files = (
				7A4D7E851E7E7E6100B07E28 /* EcographyViewController.swift in Sources */,
				7A4D7E831E7E7D0C00B07E28 /* HearBeatViewController.swift in Sources */,
				7A6868B51E7E15750088423C /* AppDelegate.swift in Sources */,
			);
			runOnlyForDeploymentPostprocessing = 0;
		};
		7A6868C31E7E15750088423C /* Sources */ = {
			isa = PBXSourcesBuildPhase;
			buildActionMask = 2147483647;
			files = (
				7A6868CC1E7E15750088423C /* PregmoTests.swift in Sources */,
			);
			runOnlyForDeploymentPostprocessing = 0;
		};
		7A6868CE1E7E15750088423C /* Sources */ = {
			isa = PBXSourcesBuildPhase;
			buildActionMask = 2147483647;
			files = (
				7A6868D71E7E15750088423C /* PregmoUITests.swift in Sources */,
			);
			runOnlyForDeploymentPostprocessing = 0;
		};
/* End PBXSourcesBuildPhase section */

/* Begin PBXTargetDependency section */
		7A6868C91E7E15750088423C /* PBXTargetDependency */ = {
			isa = PBXTargetDependency;
			target = 7A6868B01E7E15750088423C /* Pregmo */;
			targetProxy = 7A6868C81E7E15750088423C /* PBXContainerItemProxy */;
		};
		7A6868D41E7E15750088423C /* PBXTargetDependency */ = {
			isa = PBXTargetDependency;
			target = 7A6868B01E7E15750088423C /* Pregmo */;
			targetProxy = 7A6868D31E7E15750088423C /* PBXContainerItemProxy */;
		};
/* End PBXTargetDependency section */

/* Begin PBXVariantGroup section */
		7A6868BA1E7E15750088423C /* Main.storyboard */ = {
			isa = PBXVariantGroup;
			children = (
				7A6868BB1E7E15750088423C /* Base */,
			);
			name = Main.storyboard;
			sourceTree = "<group>";
		};
		7A6868BF1E7E15750088423C /* LaunchScreen.storyboard */ = {
			isa = PBXVariantGroup;
			children = (
				7A6868C01E7E15750088423C /* Base */,
			);
			name = LaunchScreen.storyboard;
			sourceTree = "<group>";
		};
/* End PBXVariantGroup section */

/* Begin XCBuildConfiguration section */
		7A6868D91E7E15750088423C /* Debug */ = {
			isa = XCBuildConfiguration;
			buildSettings = {
				ALWAYS_SEARCH_USER_PATHS = NO;
				CLANG_ANALYZER_NONNULL = YES;
				CLANG_CXX_LANGUAGE_STANDARD = "gnu++0x";
				CLANG_CXX_LIBRARY = "libc++";
				CLANG_ENABLE_MODULES = YES;
				CLANG_ENABLE_OBJC_ARC = YES;
				CLANG_WARN_BOOL_CONVERSION = YES;
				CLANG_WARN_CONSTANT_CONVERSION = YES;
				CLANG_WARN_DIRECT_OBJC_ISA_USAGE = YES_ERROR;
				CLANG_WARN_DOCUMENTATION_COMMENTS = YES;
				CLANG_WARN_EMPTY_BODY = YES;
				CLANG_WARN_ENUM_CONVERSION = YES;
				CLANG_WARN_INFINITE_RECURSION = YES;
				CLANG_WARN_INT_CONVERSION = YES;
				CLANG_WARN_OBJC_ROOT_CLASS = YES_ERROR;
				CLANG_WARN_SUSPICIOUS_MOVE = YES;
				CLANG_WARN_UNREACHABLE_CODE = YES;
				CLANG_WARN__DUPLICATE_METHOD_MATCH = YES;
				"CODE_SIGN_IDENTITY[sdk=iphoneos*]" = "iPhone Developer";
				COPY_PHASE_STRIP = NO;
				DEBUG_INFORMATION_FORMAT = dwarf;
				ENABLE_STRICT_OBJC_MSGSEND = YES;
				ENABLE_TESTABILITY = YES;
				GCC_C_LANGUAGE_STANDARD = gnu99;
				GCC_DYNAMIC_NO_PIC = NO;
				GCC_NO_COMMON_BLOCKS = YES;
				GCC_OPTIMIZATION_LEVEL = 0;
				GCC_PREPROCESSOR_DEFINITIONS = (
					"DEBUG=1",
					"$(inherited)",
				);
				GCC_WARN_64_TO_32_BIT_CONVERSION = YES;
				GCC_WARN_ABOUT_RETURN_TYPE = YES_ERROR;
				GCC_WARN_UNDECLARED_SELECTOR = YES;
				GCC_WARN_UNINITIALIZED_AUTOS = YES_AGGRESSIVE;
				GCC_WARN_UNUSED_FUNCTION = YES;
				GCC_WARN_UNUSED_VARIABLE = YES;
				IPHONEOS_DEPLOYMENT_TARGET = 10.2;
				MTL_ENABLE_DEBUG_INFO = YES;
				ONLY_ACTIVE_ARCH = YES;
				SDKROOT = iphoneos;
				SWIFT_ACTIVE_COMPILATION_CONDITIONS = DEBUG;
				SWIFT_OPTIMIZATION_LEVEL = "-Onone";
				TARGETED_DEVICE_FAMILY = "1,2";
			};
			name = Debug;
		};
		7A6868DA1E7E15750088423C /* Release */ = {
			isa = XCBuildConfiguration;
			buildSettings = {
				ALWAYS_SEARCH_USER_PATHS = NO;
				CLANG_ANALYZER_NONNULL = YES;
				CLANG_CXX_LANGUAGE_STANDARD = "gnu++0x";
				CLANG_CXX_LIBRARY = "libc++";
				CLANG_ENABLE_MODULES = YES;
				CLANG_ENABLE_OBJC_ARC = YES;
				CLANG_WARN_BOOL_CONVERSION = YES;
				CLANG_WARN_CONSTANT_CONVERSION = YES;
				CLANG_WARN_DIRECT_OBJC_ISA_USAGE = YES_ERROR;
				CLANG_WARN_DOCUMENTATION_COMMENTS = YES;
				CLANG_WARN_EMPTY_BODY = YES;
				CLANG_WARN_ENUM_CONVERSION = YES;
				CLANG_WARN_INFINITE_RECURSION = YES;
				CLANG_WARN_INT_CONVERSION = YES;
				CLANG_WARN_OBJC_ROOT_CLASS = YES_ERROR;
				CLANG_WARN_SUSPICIOUS_MOVE = YES;
				CLANG_WARN_UNREACHABLE_CODE = YES;
				CLANG_WARN__DUPLICATE_METHOD_MATCH = YES;
				"CODE_SIGN_IDENTITY[sdk=iphoneos*]" = "iPhone Developer";
				COPY_PHASE_STRIP = NO;
				DEBUG_INFORMATION_FORMAT = "dwarf-with-dsym";
				ENABLE_NS_ASSERTIONS = NO;
				ENABLE_STRICT_OBJC_MSGSEND = YES;
				GCC_C_LANGUAGE_STANDARD = gnu99;
				GCC_NO_COMMON_BLOCKS = YES;
				GCC_WARN_64_TO_32_BIT_CONVERSION = YES;
				GCC_WARN_ABOUT_RETURN_TYPE = YES_ERROR;
				GCC_WARN_UNDECLARED_SELECTOR = YES;
				GCC_WARN_UNINITIALIZED_AUTOS = YES_AGGRESSIVE;
				GCC_WARN_UNUSED_FUNCTION = YES;
				GCC_WARN_UNUSED_VARIABLE = YES;
				IPHONEOS_DEPLOYMENT_TARGET = 10.2;
				MTL_ENABLE_DEBUG_INFO = NO;
				SDKROOT = iphoneos;
				SWIFT_OPTIMIZATION_LEVEL = "-Owholemodule";
				TARGETED_DEVICE_FAMILY = "1,2";
				VALIDATE_PRODUCT = YES;
			};
			name = Release;
		};
		7A6868DC1E7E15750088423C /* Debug */ = {
			isa = XCBuildConfiguration;
			baseConfigurationReference = 60977306DA686E82B6A2C8A3 /* Pods-Pregmo.debug.xcconfig */;
			buildSettings = {
				ASSETCATALOG_COMPILER_APPICON_NAME = AppIcon;
				DEVELOPMENT_TEAM = 25H44B9439;
				INFOPLIST_FILE = Pregmo/Info.plist;
				IPHONEOS_DEPLOYMENT_TARGET = 8.0;
				LD_RUNPATH_SEARCH_PATHS = "$(inherited) @executable_path/Frameworks";
				PRODUCT_BUNDLE_IDENTIFIER = com.swplovdiv2017.Pregmo;
				PRODUCT_NAME = "$(TARGET_NAME)";
				SWIFT_VERSION = 3.0;
			};
			name = Debug;
		};
		7A6868DD1E7E15750088423C /* Release */ = {
			isa = XCBuildConfiguration;
			baseConfigurationReference = DA5F913DFAC3186EFA20F396 /* Pods-Pregmo.release.xcconfig */;
			buildSettings = {
				ASSETCATALOG_COMPILER_APPICON_NAME = AppIcon;
				DEVELOPMENT_TEAM = 25H44B9439;
				INFOPLIST_FILE = Pregmo/Info.plist;
				IPHONEOS_DEPLOYMENT_TARGET = 8.0;
				LD_RUNPATH_SEARCH_PATHS = "$(inherited) @executable_path/Frameworks";
				PRODUCT_BUNDLE_IDENTIFIER = com.swplovdiv2017.Pregmo;
				PRODUCT_NAME = "$(TARGET_NAME)";
				SWIFT_VERSION = 3.0;
			};
			name = Release;
		};
		7A6868DF1E7E15750088423C /* Debug */ = {
			isa = XCBuildConfiguration;
			baseConfigurationReference = D630221D88E593A01C147531 /* Pods-PregmoTests.debug.xcconfig */;
			buildSettings = {
				ALWAYS_EMBED_SWIFT_STANDARD_LIBRARIES = YES;
				BUNDLE_LOADER = "$(TEST_HOST)";
				DEVELOPMENT_TEAM = 25H44B9439;
				INFOPLIST_FILE = PregmoTests/Info.plist;
				LD_RUNPATH_SEARCH_PATHS = "$(inherited) @executable_path/Frameworks @loader_path/Frameworks";
				PRODUCT_BUNDLE_IDENTIFIER = com.swplovdiv2017.PregmoTests;
				PRODUCT_NAME = "$(TARGET_NAME)";
				SWIFT_VERSION = 3.0;
				TEST_HOST = "$(BUILT_PRODUCTS_DIR)/Pregmo.app/Pregmo";
			};
			name = Debug;
		};
		7A6868E01E7E15750088423C /* Release */ = {
			isa = XCBuildConfiguration;
			baseConfigurationReference = 4C16E7EEB58ED3826F446411 /* Pods-PregmoTests.release.xcconfig */;
			buildSettings = {
				ALWAYS_EMBED_SWIFT_STANDARD_LIBRARIES = YES;
				BUNDLE_LOADER = "$(TEST_HOST)";
				DEVELOPMENT_TEAM = 25H44B9439;
				INFOPLIST_FILE = PregmoTests/Info.plist;
				LD_RUNPATH_SEARCH_PATHS = "$(inherited) @executable_path/Frameworks @loader_path/Frameworks";
				PRODUCT_BUNDLE_IDENTIFIER = com.swplovdiv2017.PregmoTests;
				PRODUCT_NAME = "$(TARGET_NAME)";
				SWIFT_VERSION = 3.0;
				TEST_HOST = "$(BUILT_PRODUCTS_DIR)/Pregmo.app/Pregmo";
			};
			name = Release;
		};
		7A6868E21E7E15750088423C /* Debug */ = {
			isa = XCBuildConfiguration;
			baseConfigurationReference = 40066D76B4E407AD4EDFB247 /* Pods-PregmoUITests.debug.xcconfig */;
			buildSettings = {
				ALWAYS_EMBED_SWIFT_STANDARD_LIBRARIES = YES;
				DEVELOPMENT_TEAM = 25H44B9439;
				INFOPLIST_FILE = PregmoUITests/Info.plist;
				LD_RUNPATH_SEARCH_PATHS = "$(inherited) @executable_path/Frameworks @loader_path/Frameworks";
				PRODUCT_BUNDLE_IDENTIFIER = com.swplovdiv2017.PregmoUITests;
				PRODUCT_NAME = "$(TARGET_NAME)";
				SWIFT_VERSION = 3.0;
				TEST_TARGET_NAME = Pregmo;
			};
			name = Debug;
		};
		7A6868E31E7E15750088423C /* Release */ = {
			isa = XCBuildConfiguration;
			baseConfigurationReference = 9C1DBE9FC8B3CF56EDA899FA /* Pods-PregmoUITests.release.xcconfig */;
			buildSettings = {
				ALWAYS_EMBED_SWIFT_STANDARD_LIBRARIES = YES;
				DEVELOPMENT_TEAM = 25H44B9439;
				INFOPLIST_FILE = PregmoUITests/Info.plist;
				LD_RUNPATH_SEARCH_PATHS = "$(inherited) @executable_path/Frameworks @loader_path/Frameworks";
				PRODUCT_BUNDLE_IDENTIFIER = com.swplovdiv2017.PregmoUITests;
				PRODUCT_NAME = "$(TARGET_NAME)";
				SWIFT_VERSION = 3.0;
				TEST_TARGET_NAME = Pregmo;
			};
			name = Release;
		};
/* End XCBuildConfiguration section */

/* Begin XCConfigurationList section */
		7A6868AC1E7E15750088423C /* Build configuration list for PBXProject "Pregmo" */ = {
			isa = XCConfigurationList;
			buildConfigurations = (
				7A6868D91E7E15750088423C /* Debug */,
				7A6868DA1E7E15750088423C /* Release */,
			);
			defaultConfigurationIsVisible = 0;
			defaultConfigurationName = Release;
		};
		7A6868DB1E7E15750088423C /* Build configuration list for PBXNativeTarget "Pregmo" */ = {
			isa = XCConfigurationList;
			buildConfigurations = (
				7A6868DC1E7E15750088423C /* Debug */,
				7A6868DD1E7E15750088423C /* Release */,
			);
			defaultConfigurationIsVisible = 0;
			defaultConfigurationName = Release;
		};
		7A6868DE1E7E15750088423C /* Build configuration list for PBXNativeTarget "PregmoTests" */ = {
			isa = XCConfigurationList;
			buildConfigurations = (
				7A6868DF1E7E15750088423C /* Debug */,
				7A6868E01E7E15750088423C /* Release */,
			);
			defaultConfigurationIsVisible = 0;
			defaultConfigurationName = Release;
		};
		7A6868E11E7E15750088423C /* Build configuration list for PBXNativeTarget "PregmoUITests" */ = {
			isa = XCConfigurationList;
			buildConfigurations = (
				7A6868E21E7E15750088423C /* Debug */,
				7A6868E31E7E15750088423C /* Release */,
			);
			defaultConfigurationIsVisible = 0;
			defaultConfigurationName = Release;
		};
/* End XCConfigurationList section */
	};
	rootObject = 7A6868A91E7E15750088423C /* Project object */;
}
